
Microsoft Visual Studio Solution File, Format Version 12.00
# Visual Studio 15
VisualStudioVersion = 15.0.26730.16
MinimumVisualStudioVersion = 10.0.40219.1
Project("{FAE04EC0-301F-11D3-BF4B-00C04F79EFBC}") = "SecondGitProjectForThaMallini", "SecondGitProjectForThaMallini\SecondGitProjectForThaMallini.csproj", "{AD1583F6-43CF-41ED-96BD-2C3C174DC803}"
EndProject
Global
	GlobalSection(SolutionConfigurationPlatforms) = preSolution
		Debug|Any CPU = Debug|Any CPU
		Release|Any CPU = Release|Any CPU
	EndGlobalSection
	GlobalSection(ProjectConfigurationPlatforms) = postSolution
		{AD1583F6-43CF-41ED-96BD-2C3C174DC803}.Debug|Any CPU.ActiveCfg = Debug|Any CPU
		{AD1583F6-43CF-41ED-96BD-2C3C174DC803}.Debug|Any CPU.Build.0 = Debug|Any CPU
		{AD1583F6-43CF-41ED-96BD-2C3C174DC803}.Release|Any CPU.ActiveCfg = Release|Any CPU
		{AD1583F6-43CF-41ED-96BD-2C3C174DC803}.Release|Any CPU.Build.0 = Release|Any CPU
	EndGlobalSection
	GlobalSection(SolutionProperties) = preSolution
		HideSolutionNode = FALSE
	EndGlobalSection
	GlobalSection(ExtensibilityGlobals) = postSolution
		SolutionGuid = {2AF1B8D8-5ED5-4CF7-9046-B1967094005A}
	EndGlobalSection
EndGlobal
